
Microsoft Visual Studio Solution File, Format Version 12.00
# Visual Studio Version 17
VisualStudioVersion = 17.2.32526.322
MinimumVisualStudioVersion = 10.0.40219.1
Project("{FAE04EC0-301F-11D3-BF4B-00C04F79EFBC}") = "SD-340-Lab-Winnipeg-Transit", "SD-340-Lab-Winnipeg-Transit\SD-340-Lab-Winnipeg-Transit.csproj", "{6CECA0EE-BD01-492E-A801-A1CC5C178F36}"
EndProject
Global
	GlobalSection(SolutionConfigurationPlatforms) = preSolution
		Debug|Any CPU = Debug|Any CPU
		Release|Any CPU = Release|Any CPU
	EndGlobalSection
	GlobalSection(ProjectConfigurationPlatforms) = postSolution
		{6CECA0EE-BD01-492E-A801-A1CC5C178F36}.Debug|Any CPU.ActiveCfg = Debug|Any CPU
		{6CECA0EE-BD01-492E-A801-A1CC5C178F36}.Debug|Any CPU.Build.0 = Debug|Any CPU
		{6CECA0EE-BD01-492E-A801-A1CC5C178F36}.Release|Any CPU.ActiveCfg = Release|Any CPU
		{6CECA0EE-BD01-492E-A801-A1CC5C178F36}.Release|Any CPU.Build.0 = Release|Any CPU
	EndGlobalSection
	GlobalSection(SolutionProperties) = preSolution
		HideSolutionNode = FALSE
	EndGlobalSection
	GlobalSection(ExtensibilityGlobals) = postSolution
		SolutionGuid = {95F99F89-B863-477E-9B8A-1E3D60653EF1}
	EndGlobalSection
EndGlobal
